<Solution>
  <Project Path="docker-compose.dcproj">
    <Build />
  </Project>
  <Project Path="Vakaros.Vkx.Web/Vakaros.Vkx.Web.Client/Vakaros.Vkx.Web.Client.csproj" Id="4e2c7db4-5353-4a06-810e-6e0dc26799d8" />
  <Project Path="Vakaros.Vkx.Web/Vakaros.Vkx.Web/Vakaros.Vkx.Web.csproj" Id="22547a0a-93ee-4ade-92fb-43644ba94a2e" />
  <Project Path="Vakaros.Vkx.Api/Vakaros.Vkx.Api.csproj" Id="4767f889-84b3-4ea6-b0df-699a923efbac" />
  <Project Path="Vakaros.Vkx.ConsoleApplication/Vakaros.Vkx.ConsoleApplication.csproj" />
  <Project Path="Vakaros.Vkx.Parser/Vakaros.Vkx.Parser.csproj" />
  <Project Path="Vakaros.Vkx.Shared/Vakaros.Vkx.Shared.csproj" />
</Solution>
