<Solution>
  <Project Path="docker-compose.dcproj">
    <Build />
  </Project>
  <Project Path="Vakaros.Vkx.Api/Vakaros.Vkx.Api.csproj" Id="4767f889-84b3-4ea6-b0df-699a923efbac" />
  <Project Path="Vakaros.Vkx.ConsoleApplication/Vakaros.Vkx.ConsoleApplication.csproj" />
  <Project Path="Vakaros.Vkx.Parser/Vakaros.Vkx.Parser.csproj" />
  <Project Path="Vakaros.Vkx.Web/Vakaros.Vkx.Web.csproj" Id="a0729d3c-aa02-4339-be42-3b7cb35eff9f" />
</Solution>
